
Microsoft Visual Studio Solution File, Format Version 12.00
# Visual Studio Version 16
VisualStudioVersion = 16.0.30320.27
MinimumVisualStudioVersion = 10.0.40219.1
Project("{2150E333-8FDC-42A3-9474-1A3956D46DE8}") = "src", "src", "{BE5E31A2-C8D9-4F28-B5F5-14936A244E3D}"
EndProject
Project("{2150E333-8FDC-42A3-9474-1A3956D46DE8}") = "test", "test", "{F61D2E0F-09AD-4388-920F-78B4CEAB1061}"
EndProject
Project("{9A19103F-16F7-4668-BE54-9A1E7A4F7556}") = "Webapp.Tests", "test\Webapp.Tests\Webapp.Tests.csproj", "{A9332781-A31C-4C61-A6D9-6621CC5B8AB0}"
EndProject
Project("{FAE04EC0-301F-11D3-BF4B-00C04F79EFBC}") = "Webapp", "src\Webapp\Webapp.csproj", "{FD1C3897-48E0-4529-B05F-9882BCD5DF96}"
EndProject
Global
	GlobalSection(SolutionConfigurationPlatforms) = preSolution
		Debug|Any CPU = Debug|Any CPU
		Release|Any CPU = Release|Any CPU
	EndGlobalSection
	GlobalSection(ProjectConfigurationPlatforms) = postSolution
		{A9332781-A31C-4C61-A6D9-6621CC5B8AB0}.Debug|Any CPU.ActiveCfg = Debug|Any CPU
		{A9332781-A31C-4C61-A6D9-6621CC5B8AB0}.Debug|Any CPU.Build.0 = Debug|Any CPU
		{A9332781-A31C-4C61-A6D9-6621CC5B8AB0}.Release|Any CPU.ActiveCfg = Release|Any CPU
		{A9332781-A31C-4C61-A6D9-6621CC5B8AB0}.Release|Any CPU.Build.0 = Release|Any CPU
		{FD1C3897-48E0-4529-B05F-9882BCD5DF96}.Debug|Any CPU.ActiveCfg = Debug|Any CPU
		{FD1C3897-48E0-4529-B05F-9882BCD5DF96}.Debug|Any CPU.Build.0 = Debug|Any CPU
		{FD1C3897-48E0-4529-B05F-9882BCD5DF96}.Release|Any CPU.ActiveCfg = Release|Any CPU
		{FD1C3897-48E0-4529-B05F-9882BCD5DF96}.Release|Any CPU.Build.0 = Release|Any CPU
	EndGlobalSection
	GlobalSection(SolutionProperties) = preSolution
		HideSolutionNode = FALSE
	EndGlobalSection
	GlobalSection(NestedProjects) = preSolution
		{A9332781-A31C-4C61-A6D9-6621CC5B8AB0} = {F61D2E0F-09AD-4388-920F-78B4CEAB1061}
		{FD1C3897-48E0-4529-B05F-9882BCD5DF96} = {BE5E31A2-C8D9-4F28-B5F5-14936A244E3D}
	EndGlobalSection
	GlobalSection(ExtensibilityGlobals) = postSolution
		SolutionGuid = {B43CE1BF-209A-4ABA-AB64-736441DD4F94}
	EndGlobalSection
EndGlobal
